services:

    app.block.analytics:
        class: Demofony2\AppBundle\Block\Admin\Analytics
        arguments: ['app.block.analytics', @templating, @widop_google_analytics.client, %ga_api_profile_id%]
        tags:
            - { name: sonata.block }

    app.block.comment:
        class: Demofony2\AppBundle\Block\Admin\Comment
        arguments: ['app.block.comment', @templating, @doctrine.orm.entity_manager]
        tags:
            - { name: sonata.block }

    app.block.participation_statistics:
        class: Demofony2\AppBundle\Block\Admin\ParticipationStatistics
        arguments: ['app.block.proposal', @templating, @app.statistics]
        tags:
            - { name: sonata.block }

    app.block.proposal:
        class: Demofony2\AppBundle\Block\Admin\Proposal
        arguments: ['app.block.proposal', @templating, @doctrine.orm.entity_manager]
        tags:
            - { name: sonata.block }
